# This file is automatically @generated by Cargo.
# It is not intended for manual editing.
version = 4

[[package]]
name = "databas_cli"
version = "0.1.0"
dependencies = [
 "databas_sql_parser",
]

[[package]]
name = "databas_core"
version = "0.1.0"

[[package]]
name = "databas_sql_parser"
version = "0.1.0"
